
Microsoft Visual Studio Solution File, Format Version 12.00
# Visual Studio Version 16
VisualStudioVersion = 16.0.28902.138
MinimumVisualStudioVersion = 10.0.40219.1
Project("{FAE04EC0-301F-11D3-BF4B-00C04F79EFBC}") = "Tarea6JuanFcoR", "Tarea6JuanFcoR.csproj", "{0DFEC091-7462-4769-B08E-9B965E7452D2}"
EndProject
Project("{FAE04EC0-301F-11D3-BF4B-00C04F79EFBC}") = "Tarea6JuanFcoRTests1", "..\Tarea6JuanFcoRTests1\Tarea6JuanFcoRTests1.csproj", "{24F44199-9447-4994-A7E3-3B1168C8C664}"
EndProject
Global
	GlobalSection(SolutionConfigurationPlatforms) = preSolution
		Debug|Any CPU = Debug|Any CPU
		Release|Any CPU = Release|Any CPU
	EndGlobalSection
	GlobalSection(ProjectConfigurationPlatforms) = postSolution
		{0DFEC091-7462-4769-B08E-9B965E7452D2}.Debug|Any CPU.ActiveCfg = Debug|Any CPU
		{0DFEC091-7462-4769-B08E-9B965E7452D2}.Debug|Any CPU.Build.0 = Debug|Any CPU
		{0DFEC091-7462-4769-B08E-9B965E7452D2}.Release|Any CPU.ActiveCfg = Release|Any CPU
		{0DFEC091-7462-4769-B08E-9B965E7452D2}.Release|Any CPU.Build.0 = Release|Any CPU
		{24F44199-9447-4994-A7E3-3B1168C8C664}.Debug|Any CPU.ActiveCfg = Debug|Any CPU
		{24F44199-9447-4994-A7E3-3B1168C8C664}.Debug|Any CPU.Build.0 = Debug|Any CPU
		{24F44199-9447-4994-A7E3-3B1168C8C664}.Release|Any CPU.ActiveCfg = Release|Any CPU
		{24F44199-9447-4994-A7E3-3B1168C8C664}.Release|Any CPU.Build.0 = Release|Any CPU
	EndGlobalSection
	GlobalSection(SolutionProperties) = preSolution
		HideSolutionNode = FALSE
	EndGlobalSection
	GlobalSection(ExtensibilityGlobals) = postSolution
		SolutionGuid = {12A5DBC3-E4F9-4172-A23D-99AB08D78CB8}
	EndGlobalSection
EndGlobal
